
Microsoft Visual Studio Solution File, Format Version 12.00
# Visual Studio Version 17
VisualStudioVersion = 17.1.32328.378
MinimumVisualStudioVersion = 10.0.40219.1
Project("{FAE04EC0-301F-11D3-BF4B-00C04F79EFBC}") = "HobApi", "HobApi\HobApi.csproj", "{B4CAA6CD-2C15-44FF-A96C-D4539548989A}"
EndProject
Global
	GlobalSection(SolutionConfigurationPlatforms) = preSolution
		Debug|Any CPU = Debug|Any CPU
		Release|Any CPU = Release|Any CPU
	EndGlobalSection
	GlobalSection(ProjectConfigurationPlatforms) = postSolution
		{B4CAA6CD-2C15-44FF-A96C-D4539548989A}.Debug|Any CPU.ActiveCfg = Debug|Any CPU
		{B4CAA6CD-2C15-44FF-A96C-D4539548989A}.Debug|Any CPU.Build.0 = Debug|Any CPU
		{B4CAA6CD-2C15-44FF-A96C-D4539548989A}.Release|Any CPU.ActiveCfg = Release|Any CPU
		{B4CAA6CD-2C15-44FF-A96C-D4539548989A}.Release|Any CPU.Build.0 = Release|Any CPU
	EndGlobalSection
	GlobalSection(SolutionProperties) = preSolution
		HideSolutionNode = FALSE
	EndGlobalSection
	GlobalSection(ExtensibilityGlobals) = postSolution
		SolutionGuid = {9703046F-526A-4504-B5A0-65C005D664B3}
	EndGlobalSection
EndGlobal
